
Microsoft Visual Studio Solution File, Format Version 12.00
# Visual Studio Version 16
VisualStudioVersion = 16.0.31515.178
MinimumVisualStudioVersion = 10.0.40219.1
Project("{FAE04EC0-301F-11D3-BF4B-00C04F79EFBC}") = "WebServices", "WebServices\WebServices.csproj", "{1277D0FA-4466-4DDA-9A7B-AC3CFDD9959A}"
EndProject
Project("{FAE04EC0-301F-11D3-BF4B-00C04F79EFBC}") = "WebClient", "WebClient\WebClient.csproj", "{B12AB40B-86E8-42DA-8813-5DD62F533BB7}"
	ProjectSection(ProjectDependencies) = postProject
		{1277D0FA-4466-4DDA-9A7B-AC3CFDD9959A} = {1277D0FA-4466-4DDA-9A7B-AC3CFDD9959A}
	EndProjectSection
EndProject
Global
	GlobalSection(SolutionConfigurationPlatforms) = preSolution
		Debug|Any CPU = Debug|Any CPU
		Release|Any CPU = Release|Any CPU
	EndGlobalSection
	GlobalSection(ProjectConfigurationPlatforms) = postSolution
		{1277D0FA-4466-4DDA-9A7B-AC3CFDD9959A}.Debug|Any CPU.ActiveCfg = Debug|Any CPU
		{1277D0FA-4466-4DDA-9A7B-AC3CFDD9959A}.Debug|Any CPU.Build.0 = Debug|Any CPU
		{1277D0FA-4466-4DDA-9A7B-AC3CFDD9959A}.Release|Any CPU.ActiveCfg = Release|Any CPU
		{1277D0FA-4466-4DDA-9A7B-AC3CFDD9959A}.Release|Any CPU.Build.0 = Release|Any CPU
		{B12AB40B-86E8-42DA-8813-5DD62F533BB7}.Debug|Any CPU.ActiveCfg = Debug|Any CPU
		{B12AB40B-86E8-42DA-8813-5DD62F533BB7}.Debug|Any CPU.Build.0 = Debug|Any CPU
		{B12AB40B-86E8-42DA-8813-5DD62F533BB7}.Release|Any CPU.ActiveCfg = Release|Any CPU
		{B12AB40B-86E8-42DA-8813-5DD62F533BB7}.Release|Any CPU.Build.0 = Release|Any CPU
	EndGlobalSection
	GlobalSection(SolutionProperties) = preSolution
		HideSolutionNode = FALSE
	EndGlobalSection
	GlobalSection(ExtensibilityGlobals) = postSolution
		SolutionGuid = {4C0A5E5C-B961-44D1-AE88-53C9010C4FB6}
	EndGlobalSection
EndGlobal
