
Microsoft Visual Studio Solution File, Format Version 12.00
# Visual Studio Version 16
VisualStudioVersion = 16.0.31515.178
MinimumVisualStudioVersion = 10.0.40219.1
Project("{FAE04EC0-301F-11D3-BF4B-00C04F79EFBC}") = "Day4EFCodeFirstPrj", "Day4EFCodeFirstPrj\Day4EFCodeFirstPrj.csproj", "{ECDCB86F-C96E-4322-BF00-0BAE3B8ACD32}"
EndProject
Global
	GlobalSection(SolutionConfigurationPlatforms) = preSolution
		Debug|Any CPU = Debug|Any CPU
		Release|Any CPU = Release|Any CPU
	EndGlobalSection
	GlobalSection(ProjectConfigurationPlatforms) = postSolution
		{ECDCB86F-C96E-4322-BF00-0BAE3B8ACD32}.Debug|Any CPU.ActiveCfg = Debug|Any CPU
		{ECDCB86F-C96E-4322-BF00-0BAE3B8ACD32}.Debug|Any CPU.Build.0 = Debug|Any CPU
		{ECDCB86F-C96E-4322-BF00-0BAE3B8ACD32}.Release|Any CPU.ActiveCfg = Release|Any CPU
		{ECDCB86F-C96E-4322-BF00-0BAE3B8ACD32}.Release|Any CPU.Build.0 = Release|Any CPU
	EndGlobalSection
	GlobalSection(SolutionProperties) = preSolution
		HideSolutionNode = FALSE
	EndGlobalSection
	GlobalSection(ExtensibilityGlobals) = postSolution
		SolutionGuid = {012054FA-8CCB-45E2-8DA3-0173425F3EED}
	EndGlobalSection
EndGlobal
