
Microsoft Visual Studio Solution File, Format Version 12.00
# Visual Studio Version 16
VisualStudioVersion = 16.0.31515.178
MinimumVisualStudioVersion = 10.0.40219.1
Project("{FAE04EC0-301F-11D3-BF4B-00C04F79EFBC}") = "Day1WebPrj", "Day1WebPrj\Day1WebPrj.csproj", "{A8B26BCD-5207-4349-A698-4B498F57729D}"
EndProject
Global
	GlobalSection(SolutionConfigurationPlatforms) = preSolution
		Debug|Any CPU = Debug|Any CPU
		Release|Any CPU = Release|Any CPU
	EndGlobalSection
	GlobalSection(ProjectConfigurationPlatforms) = postSolution
		{A8B26BCD-5207-4349-A698-4B498F57729D}.Debug|Any CPU.ActiveCfg = Debug|Any CPU
		{A8B26BCD-5207-4349-A698-4B498F57729D}.Debug|Any CPU.Build.0 = Debug|Any CPU
		{A8B26BCD-5207-4349-A698-4B498F57729D}.Release|Any CPU.ActiveCfg = Release|Any CPU
		{A8B26BCD-5207-4349-A698-4B498F57729D}.Release|Any CPU.Build.0 = Release|Any CPU
	EndGlobalSection
	GlobalSection(SolutionProperties) = preSolution
		HideSolutionNode = FALSE
	EndGlobalSection
	GlobalSection(ExtensibilityGlobals) = postSolution
		SolutionGuid = {3372BEC8-F9AD-41BB-8E31-ACF1EAAB07A0}
	EndGlobalSection
EndGlobal
