
Microsoft Visual Studio Solution File, Format Version 12.00
# Visual Studio Version 16
VisualStudioVersion = 16.0.31515.178
MinimumVisualStudioVersion = 10.0.40219.1
Project("{FAE04EC0-301F-11D3-BF4B-00C04F79EFBC}") = "Aysn_Await", "Aysn_Await\Aysn_Await.csproj", "{BEE4CB46-0279-4F1E-992A-3B3CDD370D99}"
EndProject
Global
	GlobalSection(SolutionConfigurationPlatforms) = preSolution
		Debug|Any CPU = Debug|Any CPU
		Release|Any CPU = Release|Any CPU
	EndGlobalSection
	GlobalSection(ProjectConfigurationPlatforms) = postSolution
		{BEE4CB46-0279-4F1E-992A-3B3CDD370D99}.Debug|Any CPU.ActiveCfg = Debug|Any CPU
		{BEE4CB46-0279-4F1E-992A-3B3CDD370D99}.Debug|Any CPU.Build.0 = Debug|Any CPU
		{BEE4CB46-0279-4F1E-992A-3B3CDD370D99}.Release|Any CPU.ActiveCfg = Release|Any CPU
		{BEE4CB46-0279-4F1E-992A-3B3CDD370D99}.Release|Any CPU.Build.0 = Release|Any CPU
	EndGlobalSection
	GlobalSection(SolutionProperties) = preSolution
		HideSolutionNode = FALSE
	EndGlobalSection
	GlobalSection(ExtensibilityGlobals) = postSolution
		SolutionGuid = {85F4D183-A0D0-4763-8B31-F89A182D42C6}
	EndGlobalSection
EndGlobal
