
Microsoft Visual Studio Solution File, Format Version 12.00
# Visual Studio Version 16
VisualStudioVersion = 16.0.31515.178
MinimumVisualStudioVersion = 10.0.40219.1
Project("{FAE04EC0-301F-11D3-BF4B-00C04F79EFBC}") = "RemoteServer", "RemoteServer\RemoteServer.csproj", "{4391BCF9-4683-45A2-A723-853D2A279AEF}"
EndProject
Global
	GlobalSection(SolutionConfigurationPlatforms) = preSolution
		Debug|Any CPU = Debug|Any CPU
		Release|Any CPU = Release|Any CPU
	EndGlobalSection
	GlobalSection(ProjectConfigurationPlatforms) = postSolution
		{4391BCF9-4683-45A2-A723-853D2A279AEF}.Debug|Any CPU.ActiveCfg = Debug|Any CPU
		{4391BCF9-4683-45A2-A723-853D2A279AEF}.Debug|Any CPU.Build.0 = Debug|Any CPU
		{4391BCF9-4683-45A2-A723-853D2A279AEF}.Release|Any CPU.ActiveCfg = Release|Any CPU
		{4391BCF9-4683-45A2-A723-853D2A279AEF}.Release|Any CPU.Build.0 = Release|Any CPU
	EndGlobalSection
	GlobalSection(SolutionProperties) = preSolution
		HideSolutionNode = FALSE
	EndGlobalSection
	GlobalSection(ExtensibilityGlobals) = postSolution
		SolutionGuid = {C1641C6C-7444-4457-B007-E4DF9431A4DF}
	EndGlobalSection
EndGlobal
