
Microsoft Visual Studio Solution File, Format Version 12.00
# Visual Studio Version 16
VisualStudioVersion = 16.0.31515.178
MinimumVisualStudioVersion = 10.0.40219.1
Project("{FAE04EC0-301F-11D3-BF4B-00C04F79EFBC}") = "Day3Prj", "Day3Prj\Day3Prj.csproj", "{21BFE314-0D7B-422A-9B51-7207F2D26CF0}"
EndProject
Global
	GlobalSection(SolutionConfigurationPlatforms) = preSolution
		Debug|Any CPU = Debug|Any CPU
		Release|Any CPU = Release|Any CPU
	EndGlobalSection
	GlobalSection(ProjectConfigurationPlatforms) = postSolution
		{21BFE314-0D7B-422A-9B51-7207F2D26CF0}.Debug|Any CPU.ActiveCfg = Debug|Any CPU
		{21BFE314-0D7B-422A-9B51-7207F2D26CF0}.Debug|Any CPU.Build.0 = Debug|Any CPU
		{21BFE314-0D7B-422A-9B51-7207F2D26CF0}.Release|Any CPU.ActiveCfg = Release|Any CPU
		{21BFE314-0D7B-422A-9B51-7207F2D26CF0}.Release|Any CPU.Build.0 = Release|Any CPU
	EndGlobalSection
	GlobalSection(SolutionProperties) = preSolution
		HideSolutionNode = FALSE
	EndGlobalSection
	GlobalSection(ExtensibilityGlobals) = postSolution
		SolutionGuid = {C66895C4-B209-4B93-B72E-BAAAEE9EFBCA}
	EndGlobalSection
EndGlobal
