
Microsoft Visual Studio Solution File, Format Version 12.00
# Visual Studio Version 16
VisualStudioVersion = 16.0.31515.178
MinimumVisualStudioVersion = 10.0.40219.1
Project("{FAE04EC0-301F-11D3-BF4B-00C04F79EFBC}") = "Core3_Taghelpers", "Core3_Taghelpers\Core3_Taghelpers.csproj", "{65D35E40-EBED-45FC-91BA-FCBF5860309F}"
EndProject
Global
	GlobalSection(SolutionConfigurationPlatforms) = preSolution
		Debug|Any CPU = Debug|Any CPU
		Release|Any CPU = Release|Any CPU
	EndGlobalSection
	GlobalSection(ProjectConfigurationPlatforms) = postSolution
		{65D35E40-EBED-45FC-91BA-FCBF5860309F}.Debug|Any CPU.ActiveCfg = Debug|Any CPU
		{65D35E40-EBED-45FC-91BA-FCBF5860309F}.Debug|Any CPU.Build.0 = Debug|Any CPU
		{65D35E40-EBED-45FC-91BA-FCBF5860309F}.Release|Any CPU.ActiveCfg = Release|Any CPU
		{65D35E40-EBED-45FC-91BA-FCBF5860309F}.Release|Any CPU.Build.0 = Release|Any CPU
	EndGlobalSection
	GlobalSection(SolutionProperties) = preSolution
		HideSolutionNode = FALSE
	EndGlobalSection
	GlobalSection(ExtensibilityGlobals) = postSolution
		SolutionGuid = {C1E850AE-B277-4FAD-A86A-76C33D076413}
	EndGlobalSection
EndGlobal
