
Microsoft Visual Studio Solution File, Format Version 12.00
# Visual Studio Version 16
VisualStudioVersion = 16.0.31515.178
MinimumVisualStudioVersion = 10.0.40219.1
Project("{FAE04EC0-301F-11D3-BF4B-00C04F79EFBC}") = "Feb4Prj", "Feb4Prj\Feb4Prj.csproj", "{AC4D7478-EAC0-410C-9B9F-97BB41E1DBE0}"
EndProject
Global
	GlobalSection(SolutionConfigurationPlatforms) = preSolution
		Debug|Any CPU = Debug|Any CPU
		Release|Any CPU = Release|Any CPU
	EndGlobalSection
	GlobalSection(ProjectConfigurationPlatforms) = postSolution
		{AC4D7478-EAC0-410C-9B9F-97BB41E1DBE0}.Debug|Any CPU.ActiveCfg = Debug|Any CPU
		{AC4D7478-EAC0-410C-9B9F-97BB41E1DBE0}.Debug|Any CPU.Build.0 = Debug|Any CPU
		{AC4D7478-EAC0-410C-9B9F-97BB41E1DBE0}.Release|Any CPU.ActiveCfg = Release|Any CPU
		{AC4D7478-EAC0-410C-9B9F-97BB41E1DBE0}.Release|Any CPU.Build.0 = Release|Any CPU
	EndGlobalSection
	GlobalSection(SolutionProperties) = preSolution
		HideSolutionNode = FALSE
	EndGlobalSection
	GlobalSection(ExtensibilityGlobals) = postSolution
		SolutionGuid = {2D8F2624-1310-44BB-AE09-B15FFB70221A}
	EndGlobalSection
EndGlobal
