
Microsoft Visual Studio Solution File, Format Version 12.00
# Visual Studio Version 16
VisualStudioVersion = 16.0.31515.178
MinimumVisualStudioVersion = 10.0.40219.1
Project("{FAE04EC0-301F-11D3-BF4B-00C04F79EFBC}") = "Day3CachingPrj", "Day3CachingPrj\Day3CachingPrj.csproj", "{E7AE8105-8885-4D18-A7D6-AAF8C646C25E}"
EndProject
Global
	GlobalSection(SolutionConfigurationPlatforms) = preSolution
		Debug|Any CPU = Debug|Any CPU
		Release|Any CPU = Release|Any CPU
	EndGlobalSection
	GlobalSection(ProjectConfigurationPlatforms) = postSolution
		{E7AE8105-8885-4D18-A7D6-AAF8C646C25E}.Debug|Any CPU.ActiveCfg = Debug|Any CPU
		{E7AE8105-8885-4D18-A7D6-AAF8C646C25E}.Debug|Any CPU.Build.0 = Debug|Any CPU
		{E7AE8105-8885-4D18-A7D6-AAF8C646C25E}.Release|Any CPU.ActiveCfg = Release|Any CPU
		{E7AE8105-8885-4D18-A7D6-AAF8C646C25E}.Release|Any CPU.Build.0 = Release|Any CPU
	EndGlobalSection
	GlobalSection(SolutionProperties) = preSolution
		HideSolutionNode = FALSE
	EndGlobalSection
	GlobalSection(ExtensibilityGlobals) = postSolution
		SolutionGuid = {FC113F03-A5B0-4ECB-B286-21440A883711}
	EndGlobalSection
EndGlobal
