
Microsoft Visual Studio Solution File, Format Version 12.00
# Visual Studio Version 16
VisualStudioVersion = 16.0.31515.178
MinimumVisualStudioVersion = 10.0.40219.1
Project("{FAE04EC0-301F-11D3-BF4B-00C04F79EFBC}") = "Feb8TestProject", "Feb8TestProject\Feb8TestProject.csproj", "{4D10FF37-62E4-4C10-B7EA-032CF7DA4849}"
EndProject
Project("{FAE04EC0-301F-11D3-BF4B-00C04F79EFBC}") = "AccountTester", "AccountTester\AccountTester.csproj", "{5B9ED1EF-09E3-4420-8CF1-0D3396FEDB0B}"
EndProject
Global
	GlobalSection(SolutionConfigurationPlatforms) = preSolution
		Debug|Any CPU = Debug|Any CPU
		Release|Any CPU = Release|Any CPU
	EndGlobalSection
	GlobalSection(ProjectConfigurationPlatforms) = postSolution
		{4D10FF37-62E4-4C10-B7EA-032CF7DA4849}.Debug|Any CPU.ActiveCfg = Debug|Any CPU
		{4D10FF37-62E4-4C10-B7EA-032CF7DA4849}.Debug|Any CPU.Build.0 = Debug|Any CPU
		{4D10FF37-62E4-4C10-B7EA-032CF7DA4849}.Release|Any CPU.ActiveCfg = Release|Any CPU
		{4D10FF37-62E4-4C10-B7EA-032CF7DA4849}.Release|Any CPU.Build.0 = Release|Any CPU
		{5B9ED1EF-09E3-4420-8CF1-0D3396FEDB0B}.Debug|Any CPU.ActiveCfg = Debug|Any CPU
		{5B9ED1EF-09E3-4420-8CF1-0D3396FEDB0B}.Debug|Any CPU.Build.0 = Debug|Any CPU
		{5B9ED1EF-09E3-4420-8CF1-0D3396FEDB0B}.Release|Any CPU.ActiveCfg = Release|Any CPU
		{5B9ED1EF-09E3-4420-8CF1-0D3396FEDB0B}.Release|Any CPU.Build.0 = Release|Any CPU
	EndGlobalSection
	GlobalSection(SolutionProperties) = preSolution
		HideSolutionNode = FALSE
	EndGlobalSection
	GlobalSection(ExtensibilityGlobals) = postSolution
		SolutionGuid = {BF48F6FF-E0BF-429B-BB95-0997F13F3AE3}
	EndGlobalSection
EndGlobal
