
Microsoft Visual Studio Solution File, Format Version 12.00
# Visual Studio Version 16
VisualStudioVersion = 16.0.31515.178
MinimumVisualStudioVersion = 10.0.40219.1
Project("{FAE04EC0-301F-11D3-BF4B-00C04F79EFBC}") = "Day1WebFormPrj", "Day1WebFormPrj\Day1WebFormPrj.csproj", "{99FCF668-9363-4DF2-A461-22FB489DF207}"
EndProject
Global
	GlobalSection(SolutionConfigurationPlatforms) = preSolution
		Debug|Any CPU = Debug|Any CPU
		Release|Any CPU = Release|Any CPU
	EndGlobalSection
	GlobalSection(ProjectConfigurationPlatforms) = postSolution
		{99FCF668-9363-4DF2-A461-22FB489DF207}.Debug|Any CPU.ActiveCfg = Debug|Any CPU
		{99FCF668-9363-4DF2-A461-22FB489DF207}.Debug|Any CPU.Build.0 = Debug|Any CPU
		{99FCF668-9363-4DF2-A461-22FB489DF207}.Release|Any CPU.ActiveCfg = Release|Any CPU
		{99FCF668-9363-4DF2-A461-22FB489DF207}.Release|Any CPU.Build.0 = Release|Any CPU
	EndGlobalSection
	GlobalSection(SolutionProperties) = preSolution
		HideSolutionNode = FALSE
	EndGlobalSection
	GlobalSection(ExtensibilityGlobals) = postSolution
		SolutionGuid = {16916066-FB48-43FB-BA60-C1C13E7C6495}
	EndGlobalSection
EndGlobal
